---
name: shield block
level: 1
traits:
- champion
- druid
- exemplar
- fighter
- inventor
description: You gain the Shield Block general feat, a reaction that lets you reduce
  damage with your shield.
mechanicsScope: builder
foundryID: eZNCckLzbH3GyncH
rules:
- id: 90efe4f8-472d-5cc6-a08c-d9ef8e24edbd
  effect: core/add-feat@2
  inputs:
    selectionId: e14fc5e4-7506-532a-bbad-8b966cc185ee
    featId: '@feat.shield-block'
