---
name: channeling block
level: 14
rarity: common
type: class
traits:
- cleric
prerequisites:
- text: Shield Block
  hasResourceWithName: shield block
description: You pour divine energy into a desperate block. When you Shield Block,
  you can expend a Harm or Heal spell. Roll 1d8 for each rank of the spell, and increase
  the shield's Hardness by the total for this block.
mechanicsScope: encounter
foundryID: 75Y1Lk9JE3q1vDA2
