---
action: {}
description: You pour divine energy into a desperate block. When you Shield Block,
  you can expend a Harm or Heal spell. Roll 1d8 for each rank of the spell, and increase
  the shield's Hardness by the total for this block.
level: 14
mechanicsScope: encounter
name: channeling block
prerequisites:
- Shield Block
rarity: common
source:
  book: Pathfinder Player Core
  publisher: paizo
sourceID: 75Y1Lk9JE3q1vDA2
traits:
- cleric
type: class
typedPrerequisites:
- hasResourceWithName: shield block
