---
action: {}
description: You can Pick a Lock using 1 action instead of 2.
level: 7
mechanicsScope: encounter
name: quick unlock
prerequisites:
- master in Thievery
rarity: common
source:
  book: Pathfinder Player Core
  publisher: paizo
sourceID: 7GmXKrkzmInkFyEr
traits:
- general
- skill
type: skill
typedPrerequisites:
- hasSkillProficiency:
    proficiency: master
    skill: thievery
