---
name: shield block
level: 1
rarity: common
type: general
traits:
- general
action:
  count: reaction
  trigger: While you have your shield raised, you would take physical damage (bludgeoning,
    piercing, or slashing) from an attack.
description: You snap your shield in place to ward off a blow. Your shield prevents
  you from taking an amount of damage up to the shield's Hardness. You and the shield
  each take any remaining damage, possibly breaking or destroying the shield.
mechanicsScope: encounter
foundryID: jM72TjJ965jocBV8
