---
action: {}
description: You gain the Shield Block general feat, a reaction that lets you reduce
  damage with your shield.
level: 1
mechanicsScope: builder
name: shield block
rules:
- id: 14b615bd-3b5a-523d-a288-90b73e795834
  effectReference:
    kindID: org.openomen.pf2e.core/effect/add-feat
    revision: 2
  inputRecipes:
  - inputName: selectionId
    expectedValue:
      valueTypeID: org.openomen.pf2e.core/value/uuid
      source:
        kind: literal
        value:
          typeID: org.openomen.pf2e.core/value/uuid
          revision: 1
          payload: 37e850c8-c9e1-5f52-9d5b-3cb867c22e13
  - inputName: featId
    expectedValue:
      valueTypeID: org.openomen.pf2e.core/value/feat-id
      source:
        kind: literal
        value:
          typeID: org.openomen.pf2e.core/value/feat-id
          revision: 1
          payload: de198d21-0c96-5755-82e2-eb084fe61d7c
  startLevel: 1
source:
  book: Pathfinder Player Core
  publisher: paizo
sourceID: eZNCckLzbH3GyncH
traits:
- champion
- druid
- exemplar
- fighter
- inventor
