---
action: {}
description: You gain the Shield Block general feat, a reaction that lets you reduce
  damage with your shield.
level: 1
mechanicsScope: builder
name: shield block
rules:
- effectTemplate:
    inputRecipes:
    - expectedValue:
        parameterType: uuid
        valueFromSource:
          literal:
            uuid: 37E850C8-C9E1-5F52-9D5B-3CB867C22E13
      inputName: selectionId
    - expectedValue:
        parameterType: featId
        valueFromSource:
          literal:
            featId: DE198D21-0C96-5755-82E2-EB084FE61D7C
      inputName: featId
    kind: addFeat
  id: 14B615BD-3B5A-523D-A288-90B73E795834
  startLevel: 1
source:
  book: Pathfinder Player Core
  publisher: paizo
sourceID: eZNCckLzbH3GyncH
traits:
- champion
- druid
- exemplar
- fighter
- inventor
