---
name: shield block
level: 1
traits:
- champion
- druid
- exemplar
- fighter
- inventor
description: You gain the Shield Block general feat, a reaction that lets you reduce
  damage with your shield.
mechanicsScope: builder
foundryID: eZNCckLzbH3GyncH
rules:
- id: 14b615bd-3b5a-523d-a288-90b73e795834
  effect: core/add-feat@2
  inputs:
    selectionId: 37e850c8-c9e1-5f52-9d5b-3cb867c22e13
    featId: '@feat.shield-block'
