---
name: pick a lock
traits:
- manipulate
count: two_actions
requirements: You're wearing or holding Thieves' Tools
description: Opening a lock without a key is very similar to Disable a Device, but
  the DC of the Thievery check is determined by the complexity and construction of
  the lock you are attempting to pick (locks and their DCs are found in their description).
  Locks of higher qualities might require multiple successes to unlock, since otherwise
  even an unskilled burglar could easily crack the lock by attempting the check until
  they rolled a natural 20. If you lack the proper tools, the GM might let you used
  improvised picks, which are treated as shoddy tools, depending on the specifics
  of the lock.
criticalSuccess: You unlock the lock, or you achieve two successes toward opening
  a complex lock. You leave no trace of your tampering.
success: You open the lock, or you achieve one success toward opening a complex lock.
criticalFailure: You break your tools. Fixing them requires using Crafting to Repair
  them or else swapping in Replacement Picks.
